
Microsoft Visual Studio Solution File, Format Version 12.00
# Visual Studio Version 17
VisualStudioVersion = 17.2.32616.157
MinimumVisualStudioVersion = 10.0.40219.1
Project("{FAE04EC0-301F-11D3-BF4B-00C04F79EFBC}") = "Odev1", "Odev1.csproj", "{5C5083D4-0325-458D-9896-292EFD64BEB4}"
EndProject
Global
	GlobalSection(SolutionConfigurationPlatforms) = preSolution
		Debug|Any CPU = Debug|Any CPU
		Release|Any CPU = Release|Any CPU
	EndGlobalSection
	GlobalSection(ProjectConfigurationPlatforms) = postSolution
		{5C5083D4-0325-458D-9896-292EFD64BEB4}.Debug|Any CPU.ActiveCfg = Debug|Any CPU
		{5C5083D4-0325-458D-9896-292EFD64BEB4}.Debug|Any CPU.Build.0 = Debug|Any CPU
		{5C5083D4-0325-458D-9896-292EFD64BEB4}.Release|Any CPU.ActiveCfg = Release|Any CPU
		{5C5083D4-0325-458D-9896-292EFD64BEB4}.Release|Any CPU.Build.0 = Release|Any CPU
	EndGlobalSection
	GlobalSection(SolutionProperties) = preSolution
		HideSolutionNode = FALSE
	EndGlobalSection
	GlobalSection(ExtensibilityGlobals) = postSolution
		SolutionGuid = {AE7E4E03-308F-467F-94A8-DAD232328863}
	EndGlobalSection
EndGlobal
